
Microsoft Visual Studio Solution File, Format Version 12.00
# Visual Studio 14
VisualStudioVersion = 14.0.25420.1
MinimumVisualStudioVersion = 10.0.40219.1
Project("{FAE04EC0-301F-11D3-BF4B-00C04F79EFBC}") = "HtmlFormData", "HtmlFormData\HtmlFormData\HtmlFormData.csproj", "{953E6F5A-BF4F-4DB0-8319-3C3ED7BF6CA5}"
EndProject
Project("{930C7802-8A8C-48F9-8165-68863BCCD9DD}") = "Setup", "HtmlFormData\Setup\Setup.wixproj", "{1046F51E-DDB0-42D8-8588-343044D9C1FA}"
EndProject
Project("{FAE04EC0-301F-11D3-BF4B-00C04F79EFBC}") = "Tests", "Tests\Tests.csproj", "{C7C0C142-AE7F-45BE-A73F-858F993914B7}"
EndProject
Global
	GlobalSection(SolutionConfigurationPlatforms) = preSolution
		Debug|Any CPU = Debug|Any CPU
		Debug|x86 = Debug|x86
		Release|Any CPU = Release|Any CPU
		Release|x86 = Release|x86
	EndGlobalSection
	GlobalSection(ProjectConfigurationPlatforms) = postSolution
		{953E6F5A-BF4F-4DB0-8319-3C3ED7BF6CA5}.Debug|Any CPU.ActiveCfg = Debug|Any CPU
		{953E6F5A-BF4F-4DB0-8319-3C3ED7BF6CA5}.Debug|Any CPU.Build.0 = Debug|Any CPU
		{953E6F5A-BF4F-4DB0-8319-3C3ED7BF6CA5}.Debug|x86.ActiveCfg = Debug|Any CPU
		{953E6F5A-BF4F-4DB0-8319-3C3ED7BF6CA5}.Debug|x86.Build.0 = Debug|Any CPU
		{953E6F5A-BF4F-4DB0-8319-3C3ED7BF6CA5}.Release|Any CPU.ActiveCfg = Release|Any CPU
		{953E6F5A-BF4F-4DB0-8319-3C3ED7BF6CA5}.Release|Any CPU.Build.0 = Release|Any CPU
		{953E6F5A-BF4F-4DB0-8319-3C3ED7BF6CA5}.Release|x86.ActiveCfg = Release|Any CPU
		{953E6F5A-BF4F-4DB0-8319-3C3ED7BF6CA5}.Release|x86.Build.0 = Release|Any CPU
		{1046F51E-DDB0-42D8-8588-343044D9C1FA}.Debug|Any CPU.ActiveCfg = Debug|x86
		{1046F51E-DDB0-42D8-8588-343044D9C1FA}.Debug|x86.ActiveCfg = Debug|x86
		{1046F51E-DDB0-42D8-8588-343044D9C1FA}.Release|Any CPU.ActiveCfg = Release|x86
		{1046F51E-DDB0-42D8-8588-343044D9C1FA}.Release|x86.ActiveCfg = Release|x86
		{1046F51E-DDB0-42D8-8588-343044D9C1FA}.Release|x86.Build.0 = Release|x86
		{C7C0C142-AE7F-45BE-A73F-858F993914B7}.Debug|Any CPU.ActiveCfg = Debug|Any CPU
		{C7C0C142-AE7F-45BE-A73F-858F993914B7}.Debug|Any CPU.Build.0 = Debug|Any CPU
		{C7C0C142-AE7F-45BE-A73F-858F993914B7}.Debug|x86.ActiveCfg = Debug|Any CPU
		{C7C0C142-AE7F-45BE-A73F-858F993914B7}.Debug|x86.Build.0 = Debug|Any CPU
		{C7C0C142-AE7F-45BE-A73F-858F993914B7}.Release|Any CPU.ActiveCfg = Release|Any CPU
		{C7C0C142-AE7F-45BE-A73F-858F993914B7}.Release|Any CPU.Build.0 = Release|Any CPU
		{C7C0C142-AE7F-45BE-A73F-858F993914B7}.Release|x86.ActiveCfg = Release|Any CPU
		{C7C0C142-AE7F-45BE-A73F-858F993914B7}.Release|x86.Build.0 = Release|Any CPU
	EndGlobalSection
	GlobalSection(SolutionProperties) = preSolution
		HideSolutionNode = FALSE
	EndGlobalSection
EndGlobal
